
Microsoft Visual Studio Solution File, Format Version 12.00
# Visual Studio Version 16
VisualStudioVersion = 16.0.30330.147
MinimumVisualStudioVersion = 10.0.40219.1
Project("{FAE04EC0-301F-11D3-BF4B-00C04F79EFBC}") = "CIS174_TestCoreApp", "CIS174_TestCoreApp.csproj", "{BD14DF9C-4586-4FF3-8D1E-090A63398872}"
EndProject
Global
	GlobalSection(SolutionConfigurationPlatforms) = preSolution
		Debug|Any CPU = Debug|Any CPU
		Release|Any CPU = Release|Any CPU
	EndGlobalSection
	GlobalSection(ProjectConfigurationPlatforms) = postSolution
		{BD14DF9C-4586-4FF3-8D1E-090A63398872}.Debug|Any CPU.ActiveCfg = Debug|Any CPU
		{BD14DF9C-4586-4FF3-8D1E-090A63398872}.Debug|Any CPU.Build.0 = Debug|Any CPU
		{BD14DF9C-4586-4FF3-8D1E-090A63398872}.Release|Any CPU.ActiveCfg = Release|Any CPU
		{BD14DF9C-4586-4FF3-8D1E-090A63398872}.Release|Any CPU.Build.0 = Release|Any CPU
	EndGlobalSection
	GlobalSection(SolutionProperties) = preSolution
		HideSolutionNode = FALSE
	EndGlobalSection
	GlobalSection(ExtensibilityGlobals) = postSolution
		SolutionGuid = {76D48E96-FB41-4B3C-B26D-DD65816E8798}
	EndGlobalSection
EndGlobal
